{
  "name": "test-front",
  "version": "1.0.0",
  "lockfileVersion": 2,
  "requires": true,
  "packages": {
    "": {
      "name": "test-front",
      "version": "1.0.0",
      "license": "ISC",
      "dependencies": {
        "jquery": "^3.6.0",
        "scroll-out": "^2.2.12"
      }
    },
    "node_modules/jquery": {
      "version": "3.6.0",
      "resolved": "https://registry.npmjs.org/jquery/-/jquery-3.6.0.tgz",
      "integrity": "sha512-JVzAR/AjBvVt2BmYhxRCSYysDsPcssdmTFnzyLEts9qNwmjmu4JTAMYubEfwVOSwpQ1I1sKKFcxhZCI2buerfw=="
    },
    "node_modules/scroll-out": {
      "version": "2.2.12",
      "resolved": "https://registry.npmjs.org/scroll-out/-/scroll-out-2.2.12.tgz",
      "integrity": "sha512-BPWQJat8mmcjQCq+l4DsibBopkmQQb5ngPJ6T9XRxRl86/LJo7V+0d3Sjd9fxzIJkZmkjoGxEAam+Urvem8VRw=="
    }
  },
  "dependencies": {
    "jquery": {
      "version": "3.6.0",
      "resolved": "https://registry.npmjs.org/jquery/-/jquery-3.6.0.tgz",
      "integrity": "sha512-JVzAR/AjBvVt2BmYhxRCSYysDsPcssdmTFnzyLEts9qNwmjmu4JTAMYubEfwVOSwpQ1I1sKKFcxhZCI2buerfw=="
    },
    "scroll-out": {
      "version": "2.2.12",
      "resolved": "https://registry.npmjs.org/scroll-out/-/scroll-out-2.2.12.tgz",
      "integrity": "sha512-BPWQJat8mmcjQCq+l4DsibBopkmQQb5ngPJ6T9XRxRl86/LJo7V+0d3Sjd9fxzIJkZmkjoGxEAam+Urvem8VRw=="
    }
  }
}
