# This file is generated by running "yarn install" inside your project.
# Manual changes might be lost - proceed with caution!

__metadata:
  version: 5
  cacheKey: 8

"jquery@npm:^3.6.0":
  version: 3.6.0
  resolution: "jquery@npm:3.6.0"
  checksum: 8fd5fef4aa48fd374ec716dd1c1df1af407814a228e15c1260ca140de3a697c2a77c30c54ff1d238b6a3ab4ddc445ddeef9adce6c6d28e4869d85eb9d3951c0e
  languageName: node
  linkType: hard

"scroll-out@npm:^2.2.12":
  version: 2.2.12
  resolution: "scroll-out@npm:2.2.12"
  checksum: f67b865dc8bd23ca4786ebf49e66ced96613d05c5c6a00400c360da3090ba34df0a3fb4015039227323c727293a9ca5ce210b1b076924ee82f82b9eb4c2a0289
  languageName: node
  linkType: hard

"test-front@workspace:.":
  version: 0.0.0-use.local
  resolution: "test-front@workspace:."
  dependencies:
    jquery: ^3.6.0
    scroll-out: ^2.2.12
  languageName: unknown
  linkType: soft
